
Microsoft Visual Studio Solution File, Format Version 12.00
# Visual Studio Version 16
VisualStudioVersion = 16.0.31729.503
MinimumVisualStudioVersion = 10.0.40219.1
Project("{8BC9CEB8-8B4A-11D0-8D11-00A0C91BC942}") = "MyRayTracingRenderor", "MyRayTracingRenderor\MyRayTracingRenderor.vcxproj", "{B6B28E47-1926-4D42-BA88-D4C8E8F04881}"
EndProject
Global
	GlobalSection(SolutionConfigurationPlatforms) = preSolution
		Debug|x64 = Debug|x64
		Debug|x86 = Debug|x86
		Release|x64 = Release|x64
		Release|x86 = Release|x86
	EndGlobalSection
	GlobalSection(ProjectConfigurationPlatforms) = postSolution
		{B6B28E47-1926-4D42-BA88-D4C8E8F04881}.Debug|x64.ActiveCfg = Debug|x64
		{B6B28E47-1926-4D42-BA88-D4C8E8F04881}.Debug|x64.Build.0 = Debug|x64
		{B6B28E47-1926-4D42-BA88-D4C8E8F04881}.Debug|x86.ActiveCfg = Debug|Win32
		{B6B28E47-1926-4D42-BA88-D4C8E8F04881}.Debug|x86.Build.0 = Debug|Win32
		{B6B28E47-1926-4D42-BA88-D4C8E8F04881}.Release|x64.ActiveCfg = Release|x64
		{B6B28E47-1926-4D42-BA88-D4C8E8F04881}.Release|x64.Build.0 = Release|x64
		{B6B28E47-1926-4D42-BA88-D4C8E8F04881}.Release|x86.ActiveCfg = Release|Win32
		{B6B28E47-1926-4D42-BA88-D4C8E8F04881}.Release|x86.Build.0 = Release|Win32
	EndGlobalSection
	GlobalSection(SolutionProperties) = preSolution
		HideSolutionNode = FALSE
	EndGlobalSection
	GlobalSection(ExtensibilityGlobals) = postSolution
		SolutionGuid = {F3B7282B-D4F7-43E8-ADE0-1365E311E412}
	EndGlobalSection
EndGlobal
